
Microsoft Visual Studio Solution File, Format Version 12.00
# Visual Studio 15
VisualStudioVersion = 15.0.28307.329
MinimumVisualStudioVersion = 10.0.40219.1
Project("{FAE04EC0-301F-11D3-BF4B-00C04F79EFBC}") = "AgendaXamarinForms.Android", "AgendaXamarinForms\AgendaXamarinForms.Android\AgendaXamarinForms.Android.csproj", "{849099DA-F4DD-4302-AD20-D1E15650070A}"
EndProject
Project("{FAE04EC0-301F-11D3-BF4B-00C04F79EFBC}") = "AgendaXamarinForms.iOS", "AgendaXamarinForms\AgendaXamarinForms.iOS\AgendaXamarinForms.iOS.csproj", "{C2C6D440-0B0C-46B4-B2D0-EB0E0F298CA0}"
EndProject
Project("{FAE04EC0-301F-11D3-BF4B-00C04F79EFBC}") = "AgendaXamarinForms.UWP", "AgendaXamarinForms\AgendaXamarinForms.UWP\AgendaXamarinForms.UWP.csproj", "{78B39CF3-D822-446A-95EE-57AFC26F16E7}"
EndProject
Project("{FAE04EC0-301F-11D3-BF4B-00C04F79EFBC}") = "AgendaXamarinForms", "AgendaXamarinForms\AgendaXamarinForms\AgendaXamarinForms.csproj", "{2AEC1895-CCFC-471F-8CF5-8863D67A9485}"
EndProject
Global
	GlobalSection(SolutionConfigurationPlatforms) = preSolution
		Ad-Hoc|Any CPU = Ad-Hoc|Any CPU
		Ad-Hoc|ARM = Ad-Hoc|ARM
		Ad-Hoc|iPhone = Ad-Hoc|iPhone
		Ad-Hoc|iPhoneSimulator = Ad-Hoc|iPhoneSimulator
		Ad-Hoc|x64 = Ad-Hoc|x64
		Ad-Hoc|x86 = Ad-Hoc|x86
		AppStore|Any CPU = AppStore|Any CPU
		AppStore|ARM = AppStore|ARM
		AppStore|iPhone = AppStore|iPhone
		AppStore|iPhoneSimulator = AppStore|iPhoneSimulator
		AppStore|x64 = AppStore|x64
		AppStore|x86 = AppStore|x86
		Debug|Any CPU = Debug|Any CPU
		Debug|ARM = Debug|ARM
		Debug|iPhone = Debug|iPhone
		Debug|iPhoneSimulator = Debug|iPhoneSimulator
		Debug|x64 = Debug|x64
		Debug|x86 = Debug|x86
		Release|Any CPU = Release|Any CPU
		Release|ARM = Release|ARM
		Release|iPhone = Release|iPhone
		Release|iPhoneSimulator = Release|iPhoneSimulator
		Release|x64 = Release|x64
		Release|x86 = Release|x86
	EndGlobalSection
	GlobalSection(ProjectConfigurationPlatforms) = postSolution
		{849099DA-F4DD-4302-AD20-D1E15650070A}.Ad-Hoc|Any CPU.ActiveCfg = Release|Any CPU
		{849099DA-F4DD-4302-AD20-D1E15650070A}.Ad-Hoc|Any CPU.Build.0 = Release|Any CPU
		{849099DA-F4DD-4302-AD20-D1E15650070A}.Ad-Hoc|Any CPU.Deploy.0 = Release|Any CPU
		{849099DA-F4DD-4302-AD20-D1E15650070A}.Ad-Hoc|ARM.ActiveCfg = Release|Any CPU
		{849099DA-F4DD-4302-AD20-D1E15650070A}.Ad-Hoc|ARM.Build.0 = Release|Any CPU
		{849099DA-F4DD-4302-AD20-D1E15650070A}.Ad-Hoc|ARM.Deploy.0 = Release|Any CPU
		{849099DA-F4DD-4302-AD20-D1E15650070A}.Ad-Hoc|iPhone.ActiveCfg = Release|Any CPU
		{849099DA-F4DD-4302-AD20-D1E15650070A}.Ad-Hoc|iPhone.Build.0 = Release|Any CPU
		{849099DA-F4DD-4302-AD20-D1E15650070A}.Ad-Hoc|iPhone.Deploy.0 = Release|Any CPU
		{849099DA-F4DD-4302-AD20-D1E15650070A}.Ad-Hoc|iPhoneSimulator.ActiveCfg = Release|Any CPU
		{849099DA-F4DD-4302-AD20-D1E15650070A}.Ad-Hoc|iPhoneSimulator.Build.0 = Release|Any CPU
		{849099DA-F4DD-4302-AD20-D1E15650070A}.Ad-Hoc|iPhoneSimulator.Deploy.0 = Release|Any CPU
		{849099DA-F4DD-4302-AD20-D1E15650070A}.Ad-Hoc|x64.ActiveCfg = Release|Any CPU
		{849099DA-F4DD-4302-AD20-D1E15650070A}.Ad-Hoc|x64.Build.0 = Release|Any CPU
		{849099DA-F4DD-4302-AD20-D1E15650070A}.Ad-Hoc|x64.Deploy.0 = Release|Any CPU
		{849099DA-F4DD-4302-AD20-D1E15650070A}.Ad-Hoc|x86.ActiveCfg = Release|Any CPU
		{849099DA-F4DD-4302-AD20-D1E15650070A}.Ad-Hoc|x86.Build.0 = Release|Any CPU
		{849099DA-F4DD-4302-AD20-D1E15650070A}.Ad-Hoc|x86.Deploy.0 = Release|Any CPU
		{849099DA-F4DD-4302-AD20-D1E15650070A}.AppStore|Any CPU.ActiveCfg = Release|Any CPU
		{849099DA-F4DD-4302-AD20-D1E15650070A}.AppStore|Any CPU.Build.0 = Release|Any CPU
		{849099DA-F4DD-4302-AD20-D1E15650070A}.AppStore|Any CPU.Deploy.0 = Release|Any CPU
		{849099DA-F4DD-4302-AD20-D1E15650070A}.AppStore|ARM.ActiveCfg = Release|Any CPU
		{849099DA-F4DD-4302-AD20-D1E15650070A}.AppStore|ARM.Build.0 = Release|Any CPU
		{849099DA-F4DD-4302-AD20-D1E15650070A}.AppStore|ARM.Deploy.0 = Release|Any CPU
		{849099DA-F4DD-4302-AD20-D1E15650070A}.AppStore|iPhone.ActiveCfg = Release|Any CPU
		{849099DA-F4DD-4302-AD20-D1E15650070A}.AppStore|iPhone.Build.0 = Release|Any CPU
		{849099DA-F4DD-4302-AD20-D1E15650070A}.AppStore|iPhone.Deploy.0 = Release|Any CPU
		{849099DA-F4DD-4302-AD20-D1E15650070A}.AppStore|iPhoneSimulator.ActiveCfg = Release|Any CPU
		{849099DA-F4DD-4302-AD20-D1E15650070A}.AppStore|iPhoneSimulator.Build.0 = Release|Any CPU
		{849099DA-F4DD-4302-AD20-D1E15650070A}.AppStore|iPhoneSimulator.Deploy.0 = Release|Any CPU
		{849099DA-F4DD-4302-AD20-D1E15650070A}.AppStore|x64.ActiveCfg = Release|Any CPU
		{849099DA-F4DD-4302-AD20-D1E15650070A}.AppStore|x64.Build.0 = Release|Any CPU
		{849099DA-F4DD-4302-AD20-D1E15650070A}.AppStore|x64.Deploy.0 = Release|Any CPU
		{849099DA-F4DD-4302-AD20-D1E15650070A}.AppStore|x86.ActiveCfg = Release|Any CPU
		{849099DA-F4DD-4302-AD20-D1E15650070A}.AppStore|x86.Build.0 = Release|Any CPU
		{849099DA-F4DD-4302-AD20-D1E15650070A}.AppStore|x86.Deploy.0 = Release|Any CPU
		{849099DA-F4DD-4302-AD20-D1E15650070A}.Debug|Any CPU.ActiveCfg = Debug|Any CPU
		{849099DA-F4DD-4302-AD20-D1E15650070A}.Debug|Any CPU.Build.0 = Debug|Any CPU
		{849099DA-F4DD-4302-AD20-D1E15650070A}.Debug|Any CPU.Deploy.0 = Debug|Any CPU
		{849099DA-F4DD-4302-AD20-D1E15650070A}.Debug|ARM.ActiveCfg = Debug|Any CPU
		{849099DA-F4DD-4302-AD20-D1E15650070A}.Debug|ARM.Build.0 = Debug|Any CPU
		{849099DA-F4DD-4302-AD20-D1E15650070A}.Debug|ARM.Deploy.0 = Debug|Any CPU
		{849099DA-F4DD-4302-AD20-D1E15650070A}.Debug|iPhone.ActiveCfg = Debug|Any CPU
		{849099DA-F4DD-4302-AD20-D1E15650070A}.Debug|iPhone.Build.0 = Debug|Any CPU
		{849099DA-F4DD-4302-AD20-D1E15650070A}.Debug|iPhone.Deploy.0 = Debug|Any CPU
		{849099DA-F4DD-4302-AD20-D1E15650070A}.Debug|iPhoneSimulator.ActiveCfg = Debug|Any CPU
		{849099DA-F4DD-4302-AD20-D1E15650070A}.Debug|iPhoneSimulator.Build.0 = Debug|Any CPU
		{849099DA-F4DD-4302-AD20-D1E15650070A}.Debug|iPhoneSimulator.Deploy.0 = Debug|Any CPU
		{849099DA-F4DD-4302-AD20-D1E15650070A}.Debug|x64.ActiveCfg = Debug|Any CPU
		{849099DA-F4DD-4302-AD20-D1E15650070A}.Debug|x64.Build.0 = Debug|Any CPU
		{849099DA-F4DD-4302-AD20-D1E15650070A}.Debug|x64.Deploy.0 = Debug|Any CPU
		{849099DA-F4DD-4302-AD20-D1E15650070A}.Debug|x86.ActiveCfg = Debug|Any CPU
		{849099DA-F4DD-4302-AD20-D1E15650070A}.Debug|x86.Build.0 = Debug|Any CPU
		{849099DA-F4DD-4302-AD20-D1E15650070A}.Debug|x86.Deploy.0 = Debug|Any CPU
		{849099DA-F4DD-4302-AD20-D1E15650070A}.Release|Any CPU.ActiveCfg = Release|Any CPU
		{849099DA-F4DD-4302-AD20-D1E15650070A}.Release|Any CPU.Build.0 = Release|Any CPU
		{849099DA-F4DD-4302-AD20-D1E15650070A}.Release|Any CPU.Deploy.0 = Release|Any CPU
		{849099DA-F4DD-4302-AD20-D1E15650070A}.Release|ARM.ActiveCfg = Release|Any CPU
		{849099DA-F4DD-4302-AD20-D1E15650070A}.Release|ARM.Build.0 = Release|Any CPU
		{849099DA-F4DD-4302-AD20-D1E15650070A}.Release|ARM.Deploy.0 = Release|Any CPU
		{849099DA-F4DD-4302-AD20-D1E15650070A}.Release|iPhone.ActiveCfg = Release|Any CPU
		{849099DA-F4DD-4302-AD20-D1E15650070A}.Release|iPhone.Build.0 = Release|Any CPU
		{849099DA-F4DD-4302-AD20-D1E15650070A}.Release|iPhone.Deploy.0 = Release|Any CPU
		{849099DA-F4DD-4302-AD20-D1E15650070A}.Release|iPhoneSimulator.ActiveCfg = Release|Any CPU
		{849099DA-F4DD-4302-AD20-D1E15650070A}.Release|iPhoneSimulator.Build.0 = Release|Any CPU
		{849099DA-F4DD-4302-AD20-D1E15650070A}.Release|iPhoneSimulator.Deploy.0 = Release|Any CPU
		{849099DA-F4DD-4302-AD20-D1E15650070A}.Release|x64.ActiveCfg = Release|Any CPU
		{849099DA-F4DD-4302-AD20-D1E15650070A}.Release|x64.Build.0 = Release|Any CPU
		{849099DA-F4DD-4302-AD20-D1E15650070A}.Release|x64.Deploy.0 = Release|Any CPU
		{849099DA-F4DD-4302-AD20-D1E15650070A}.Release|x86.ActiveCfg = Release|Any CPU
		{849099DA-F4DD-4302-AD20-D1E15650070A}.Release|x86.Build.0 = Release|Any CPU
		{849099DA-F4DD-4302-AD20-D1E15650070A}.Release|x86.Deploy.0 = Release|Any CPU
		{C2C6D440-0B0C-46B4-B2D0-EB0E0F298CA0}.Ad-Hoc|Any CPU.ActiveCfg = Ad-Hoc|iPhone
		{C2C6D440-0B0C-46B4-B2D0-EB0E0F298CA0}.Ad-Hoc|Any CPU.Build.0 = Ad-Hoc|iPhone
		{C2C6D440-0B0C-46B4-B2D0-EB0E0F298CA0}.Ad-Hoc|Any CPU.Deploy.0 = Ad-Hoc|iPhone
		{C2C6D440-0B0C-46B4-B2D0-EB0E0F298CA0}.Ad-Hoc|ARM.ActiveCfg = Ad-Hoc|iPhone
		{C2C6D440-0B0C-46B4-B2D0-EB0E0F298CA0}.Ad-Hoc|ARM.Build.0 = Ad-Hoc|iPhone
		{C2C6D440-0B0C-46B4-B2D0-EB0E0F298CA0}.Ad-Hoc|ARM.Deploy.0 = Ad-Hoc|iPhone
		{C2C6D440-0B0C-46B4-B2D0-EB0E0F298CA0}.Ad-Hoc|iPhone.ActiveCfg = Ad-Hoc|iPhone
		{C2C6D440-0B0C-46B4-B2D0-EB0E0F298CA0}.Ad-Hoc|iPhone.Build.0 = Ad-Hoc|iPhone
		{C2C6D440-0B0C-46B4-B2D0-EB0E0F298CA0}.Ad-Hoc|iPhone.Deploy.0 = Ad-Hoc|iPhone
		{C2C6D440-0B0C-46B4-B2D0-EB0E0F298CA0}.Ad-Hoc|iPhoneSimulator.ActiveCfg = Ad-Hoc|iPhoneSimulator
		{C2C6D440-0B0C-46B4-B2D0-EB0E0F298CA0}.Ad-Hoc|iPhoneSimulator.Build.0 = Ad-Hoc|iPhoneSimulator
		{C2C6D440-0B0C-46B4-B2D0-EB0E0F298CA0}.Ad-Hoc|iPhoneSimulator.Deploy.0 = Ad-Hoc|iPhoneSimulator
		{C2C6D440-0B0C-46B4-B2D0-EB0E0F298CA0}.Ad-Hoc|x64.ActiveCfg = Ad-Hoc|iPhone
		{C2C6D440-0B0C-46B4-B2D0-EB0E0F298CA0}.Ad-Hoc|x64.Build.0 = Ad-Hoc|iPhone
		{C2C6D440-0B0C-46B4-B2D0-EB0E0F298CA0}.Ad-Hoc|x64.Deploy.0 = Ad-Hoc|iPhone
		{C2C6D440-0B0C-46B4-B2D0-EB0E0F298CA0}.Ad-Hoc|x86.ActiveCfg = Ad-Hoc|iPhone
		{C2C6D440-0B0C-46B4-B2D0-EB0E0F298CA0}.Ad-Hoc|x86.Build.0 = Ad-Hoc|iPhone
		{C2C6D440-0B0C-46B4-B2D0-EB0E0F298CA0}.Ad-Hoc|x86.Deploy.0 = Ad-Hoc|iPhone
		{C2C6D440-0B0C-46B4-B2D0-EB0E0F298CA0}.AppStore|Any CPU.ActiveCfg = AppStore|iPhone
		{C2C6D440-0B0C-46B4-B2D0-EB0E0F298CA0}.AppStore|Any CPU.Build.0 = AppStore|iPhone
		{C2C6D440-0B0C-46B4-B2D0-EB0E0F298CA0}.AppStore|Any CPU.Deploy.0 = AppStore|iPhone
		{C2C6D440-0B0C-46B4-B2D0-EB0E0F298CA0}.AppStore|ARM.ActiveCfg = AppStore|iPhone
		{C2C6D440-0B0C-46B4-B2D0-EB0E0F298CA0}.AppStore|ARM.Build.0 = AppStore|iPhone
		{C2C6D440-0B0C-46B4-B2D0-EB0E0F298CA0}.AppStore|ARM.Deploy.0 = AppStore|iPhone
		{C2C6D440-0B0C-46B4-B2D0-EB0E0F298CA0}.AppStore|iPhone.ActiveCfg = AppStore|iPhone
		{C2C6D440-0B0C-46B4-B2D0-EB0E0F298CA0}.AppStore|iPhone.Build.0 = AppStore|iPhone
		{C2C6D440-0B0C-46B4-B2D0-EB0E0F298CA0}.AppStore|iPhone.Deploy.0 = AppStore|iPhone
		{C2C6D440-0B0C-46B4-B2D0-EB0E0F298CA0}.AppStore|iPhoneSimulator.ActiveCfg = AppStore|iPhoneSimulator
		{C2C6D440-0B0C-46B4-B2D0-EB0E0F298CA0}.AppStore|iPhoneSimulator.Build.0 = AppStore|iPhoneSimulator
		{C2C6D440-0B0C-46B4-B2D0-EB0E0F298CA0}.AppStore|iPhoneSimulator.Deploy.0 = AppStore|iPhoneSimulator
		{C2C6D440-0B0C-46B4-B2D0-EB0E0F298CA0}.AppStore|x64.ActiveCfg = AppStore|iPhone
		{C2C6D440-0B0C-46B4-B2D0-EB0E0F298CA0}.AppStore|x64.Build.0 = AppStore|iPhone
		{C2C6D440-0B0C-46B4-B2D0-EB0E0F298CA0}.AppStore|x64.Deploy.0 = AppStore|iPhone
		{C2C6D440-0B0C-46B4-B2D0-EB0E0F298CA0}.AppStore|x86.ActiveCfg = AppStore|iPhone
		{C2C6D440-0B0C-46B4-B2D0-EB0E0F298CA0}.AppStore|x86.Build.0 = AppStore|iPhone
		{C2C6D440-0B0C-46B4-B2D0-EB0E0F298CA0}.AppStore|x86.Deploy.0 = AppStore|iPhone
		{C2C6D440-0B0C-46B4-B2D0-EB0E0F298CA0}.Debug|Any CPU.ActiveCfg = Debug|iPhoneSimulator
		{C2C6D440-0B0C-46B4-B2D0-EB0E0F298CA0}.Debug|Any CPU.Build.0 = Debug|iPhoneSimulator
		{C2C6D440-0B0C-46B4-B2D0-EB0E0F298CA0}.Debug|Any CPU.Deploy.0 = Debug|iPhoneSimulator
		{C2C6D440-0B0C-46B4-B2D0-EB0E0F298CA0}.Debug|ARM.ActiveCfg = Debug|iPhone
		{C2C6D440-0B0C-46B4-B2D0-EB0E0F298CA0}.Debug|ARM.Build.0 = Debug|iPhone
		{C2C6D440-0B0C-46B4-B2D0-EB0E0F298CA0}.Debug|ARM.Deploy.0 = Debug|iPhone
		{C2C6D440-0B0C-46B4-B2D0-EB0E0F298CA0}.Debug|iPhone.ActiveCfg = Debug|iPhone
		{C2C6D440-0B0C-46B4-B2D0-EB0E0F298CA0}.Debug|iPhone.Build.0 = Debug|iPhone
		{C2C6D440-0B0C-46B4-B2D0-EB0E0F298CA0}.Debug|iPhone.Deploy.0 = Debug|iPhone
		{C2C6D440-0B0C-46B4-B2D0-EB0E0F298CA0}.Debug|iPhoneSimulator.ActiveCfg = Debug|iPhoneSimulator
		{C2C6D440-0B0C-46B4-B2D0-EB0E0F298CA0}.Debug|iPhoneSimulator.Build.0 = Debug|iPhoneSimulator
		{C2C6D440-0B0C-46B4-B2D0-EB0E0F298CA0}.Debug|iPhoneSimulator.Deploy.0 = Debug|iPhoneSimulator
		{C2C6D440-0B0C-46B4-B2D0-EB0E0F298CA0}.Debug|x64.ActiveCfg = Debug|iPhone
		{C2C6D440-0B0C-46B4-B2D0-EB0E0F298CA0}.Debug|x64.Build.0 = Debug|iPhone
		{C2C6D440-0B0C-46B4-B2D0-EB0E0F298CA0}.Debug|x64.Deploy.0 = Debug|iPhone
		{C2C6D440-0B0C-46B4-B2D0-EB0E0F298CA0}.Debug|x86.ActiveCfg = Debug|iPhone
		{C2C6D440-0B0C-46B4-B2D0-EB0E0F298CA0}.Debug|x86.Build.0 = Debug|iPhone
		{C2C6D440-0B0C-46B4-B2D0-EB0E0F298CA0}.Debug|x86.Deploy.0 = Debug|iPhone
		{C2C6D440-0B0C-46B4-B2D0-EB0E0F298CA0}.Release|Any CPU.ActiveCfg = Release|iPhone
		{C2C6D440-0B0C-46B4-B2D0-EB0E0F298CA0}.Release|Any CPU.Build.0 = Release|iPhone
		{C2C6D440-0B0C-46B4-B2D0-EB0E0F298CA0}.Release|Any CPU.Deploy.0 = Release|iPhone
		{C2C6D440-0B0C-46B4-B2D0-EB0E0F298CA0}.Release|ARM.ActiveCfg = Release|iPhone
		{C2C6D440-0B0C-46B4-B2D0-EB0E0F298CA0}.Release|ARM.Build.0 = Release|iPhone
		{C2C6D440-0B0C-46B4-B2D0-EB0E0F298CA0}.Release|ARM.Deploy.0 = Release|iPhone
		{C2C6D440-0B0C-46B4-B2D0-EB0E0F298CA0}.Release|iPhone.ActiveCfg = Release|iPhone
		{C2C6D440-0B0C-46B4-B2D0-EB0E0F298CA0}.Release|iPhone.Build.0 = Release|iPhone
		{C2C6D440-0B0C-46B4-B2D0-EB0E0F298CA0}.Release|iPhone.Deploy.0 = Release|iPhone
		{C2C6D440-0B0C-46B4-B2D0-EB0E0F298CA0}.Release|iPhoneSimulator.ActiveCfg = Release|iPhoneSimulator
		{C2C6D440-0B0C-46B4-B2D0-EB0E0F298CA0}.Release|iPhoneSimulator.Build.0 = Release|iPhoneSimulator
		{C2C6D440-0B0C-46B4-B2D0-EB0E0F298CA0}.Release|iPhoneSimulator.Deploy.0 = Release|iPhoneSimulator
		{C2C6D440-0B0C-46B4-B2D0-EB0E0F298CA0}.Release|x64.ActiveCfg = Release|iPhone
		{C2C6D440-0B0C-46B4-B2D0-EB0E0F298CA0}.Release|x64.Build.0 = Release|iPhone
		{C2C6D440-0B0C-46B4-B2D0-EB0E0F298CA0}.Release|x64.Deploy.0 = Release|iPhone
		{C2C6D440-0B0C-46B4-B2D0-EB0E0F298CA0}.Release|x86.ActiveCfg = Release|iPhone
		{C2C6D440-0B0C-46B4-B2D0-EB0E0F298CA0}.Release|x86.Build.0 = Release|iPhone
		{C2C6D440-0B0C-46B4-B2D0-EB0E0F298CA0}.Release|x86.Deploy.0 = Release|iPhone
		{78B39CF3-D822-446A-95EE-57AFC26F16E7}.Ad-Hoc|Any CPU.ActiveCfg = Release|x86
		{78B39CF3-D822-446A-95EE-57AFC26F16E7}.Ad-Hoc|Any CPU.Build.0 = Release|x86
		{78B39CF3-D822-446A-95EE-57AFC26F16E7}.Ad-Hoc|Any CPU.Deploy.0 = Release|x86
		{78B39CF3-D822-446A-95EE-57AFC26F16E7}.Ad-Hoc|ARM.ActiveCfg = Release|ARM
		{78B39CF3-D822-446A-95EE-57AFC26F16E7}.Ad-Hoc|ARM.Build.0 = Release|ARM
		{78B39CF3-D822-446A-95EE-57AFC26F16E7}.Ad-Hoc|ARM.Deploy.0 = Release|ARM
		{78B39CF3-D822-446A-95EE-57AFC26F16E7}.Ad-Hoc|iPhone.ActiveCfg = Release|x86
		{78B39CF3-D822-446A-95EE-57AFC26F16E7}.Ad-Hoc|iPhone.Build.0 = Release|x86
		{78B39CF3-D822-446A-95EE-57AFC26F16E7}.Ad-Hoc|iPhone.Deploy.0 = Release|x86
		{78B39CF3-D822-446A-95EE-57AFC26F16E7}.Ad-Hoc|iPhoneSimulator.ActiveCfg = Release|x86
		{78B39CF3-D822-446A-95EE-57AFC26F16E7}.Ad-Hoc|iPhoneSimulator.Build.0 = Release|x86
		{78B39CF3-D822-446A-95EE-57AFC26F16E7}.Ad-Hoc|iPhoneSimulator.Deploy.0 = Release|x86
		{78B39CF3-D822-446A-95EE-57AFC26F16E7}.Ad-Hoc|x64.ActiveCfg = Release|x64
		{78B39CF3-D822-446A-95EE-57AFC26F16E7}.Ad-Hoc|x64.Build.0 = Release|x64
		{78B39CF3-D822-446A-95EE-57AFC26F16E7}.Ad-Hoc|x64.Deploy.0 = Release|x64
		{78B39CF3-D822-446A-95EE-57AFC26F16E7}.Ad-Hoc|x86.ActiveCfg = Release|x86
		{78B39CF3-D822-446A-95EE-57AFC26F16E7}.Ad-Hoc|x86.Build.0 = Release|x86
		{78B39CF3-D822-446A-95EE-57AFC26F16E7}.Ad-Hoc|x86.Deploy.0 = Release|x86
		{78B39CF3-D822-446A-95EE-57AFC26F16E7}.AppStore|Any CPU.ActiveCfg = Release|x86
		{78B39CF3-D822-446A-95EE-57AFC26F16E7}.AppStore|Any CPU.Build.0 = Release|x86
		{78B39CF3-D822-446A-95EE-57AFC26F16E7}.AppStore|Any CPU.Deploy.0 = Release|x86
		{78B39CF3-D822-446A-95EE-57AFC26F16E7}.AppStore|ARM.ActiveCfg = Release|ARM
		{78B39CF3-D822-446A-95EE-57AFC26F16E7}.AppStore|ARM.Build.0 = Release|ARM
		{78B39CF3-D822-446A-95EE-57AFC26F16E7}.AppStore|ARM.Deploy.0 = Release|ARM
		{78B39CF3-D822-446A-95EE-57AFC26F16E7}.AppStore|iPhone.ActiveCfg = Release|x86
		{78B39CF3-D822-446A-95EE-57AFC26F16E7}.AppStore|iPhone.Build.0 = Release|x86
		{78B39CF3-D822-446A-95EE-57AFC26F16E7}.AppStore|iPhone.Deploy.0 = Release|x86
		{78B39CF3-D822-446A-95EE-57AFC26F16E7}.AppStore|iPhoneSimulator.ActiveCfg = Release|x86
		{78B39CF3-D822-446A-95EE-57AFC26F16E7}.AppStore|iPhoneSimulator.Build.0 = Release|x86
		{78B39CF3-D822-446A-95EE-57AFC26F16E7}.AppStore|iPhoneSimulator.Deploy.0 = Release|x86
		{78B39CF3-D822-446A-95EE-57AFC26F16E7}.AppStore|x64.ActiveCfg = Release|x64
		{78B39CF3-D822-446A-95EE-57AFC26F16E7}.AppStore|x64.Build.0 = Release|x64
		{78B39CF3-D822-446A-95EE-57AFC26F16E7}.AppStore|x64.Deploy.0 = Release|x64
		{78B39CF3-D822-446A-95EE-57AFC26F16E7}.AppStore|x86.ActiveCfg = Release|x86
		{78B39CF3-D822-446A-95EE-57AFC26F16E7}.AppStore|x86.Build.0 = Release|x86
		{78B39CF3-D822-446A-95EE-57AFC26F16E7}.AppStore|x86.Deploy.0 = Release|x86
		{78B39CF3-D822-446A-95EE-57AFC26F16E7}.Debug|Any CPU.ActiveCfg = Debug|x86
		{78B39CF3-D822-446A-95EE-57AFC26F16E7}.Debug|Any CPU.Build.0 = Debug|x86
		{78B39CF3-D822-446A-95EE-57AFC26F16E7}.Debug|Any CPU.Deploy.0 = Debug|x86
		{78B39CF3-D822-446A-95EE-57AFC26F16E7}.Debug|ARM.ActiveCfg = Debug|ARM
		{78B39CF3-D822-446A-95EE-57AFC26F16E7}.Debug|ARM.Build.0 = Debug|ARM
		{78B39CF3-D822-446A-95EE-57AFC26F16E7}.Debug|ARM.Deploy.0 = Debug|ARM
		{78B39CF3-D822-446A-95EE-57AFC26F16E7}.Debug|iPhone.ActiveCfg = Debug|x86
		{78B39CF3-D822-446A-95EE-57AFC26F16E7}.Debug|iPhone.Build.0 = Debug|x86
		{78B39CF3-D822-446A-95EE-57AFC26F16E7}.Debug|iPhone.Deploy.0 = Debug|x86
		{78B39CF3-D822-446A-95EE-57AFC26F16E7}.Debug|iPhoneSimulator.ActiveCfg = Debug|x86
		{78B39CF3-D822-446A-95EE-57AFC26F16E7}.Debug|iPhoneSimulator.Build.0 = Debug|x86
		{78B39CF3-D822-446A-95EE-57AFC26F16E7}.Debug|iPhoneSimulator.Deploy.0 = Debug|x86
		{78B39CF3-D822-446A-95EE-57AFC26F16E7}.Debug|x64.ActiveCfg = Debug|x64
		{78B39CF3-D822-446A-95EE-57AFC26F16E7}.Debug|x64.Build.0 = Debug|x64
		{78B39CF3-D822-446A-95EE-57AFC26F16E7}.Debug|x64.Deploy.0 = Debug|x64
		{78B39CF3-D822-446A-95EE-57AFC26F16E7}.Debug|x86.ActiveCfg = Debug|x86
		{78B39CF3-D822-446A-95EE-57AFC26F16E7}.Debug|x86.Build.0 = Debug|x86
		{78B39CF3-D822-446A-95EE-57AFC26F16E7}.Debug|x86.Deploy.0 = Debug|x86
		{78B39CF3-D822-446A-95EE-57AFC26F16E7}.Release|Any CPU.ActiveCfg = Release|x86
		{78B39CF3-D822-446A-95EE-57AFC26F16E7}.Release|Any CPU.Build.0 = Release|x86
		{78B39CF3-D822-446A-95EE-57AFC26F16E7}.Release|Any CPU.Deploy.0 = Release|x86
		{78B39CF3-D822-446A-95EE-57AFC26F16E7}.Release|ARM.ActiveCfg = Release|ARM
		{78B39CF3-D822-446A-95EE-57AFC26F16E7}.Release|ARM.Build.0 = Release|ARM
		{78B39CF3-D822-446A-95EE-57AFC26F16E7}.Release|ARM.Deploy.0 = Release|ARM
		{78B39CF3-D822-446A-95EE-57AFC26F16E7}.Release|iPhone.ActiveCfg = Release|x86
		{78B39CF3-D822-446A-95EE-57AFC26F16E7}.Release|iPhone.Build.0 = Release|x86
		{78B39CF3-D822-446A-95EE-57AFC26F16E7}.Release|iPhone.Deploy.0 = Release|x86
		{78B39CF3-D822-446A-95EE-57AFC26F16E7}.Release|iPhoneSimulator.ActiveCfg = Release|x86
		{78B39CF3-D822-446A-95EE-57AFC26F16E7}.Release|iPhoneSimulator.Build.0 = Release|x86
		{78B39CF3-D822-446A-95EE-57AFC26F16E7}.Release|iPhoneSimulator.Deploy.0 = Release|x86
		{78B39CF3-D822-446A-95EE-57AFC26F16E7}.Release|x64.ActiveCfg = Release|x64
		{78B39CF3-D822-446A-95EE-57AFC26F16E7}.Release|x64.Build.0 = Release|x64
		{78B39CF3-D822-446A-95EE-57AFC26F16E7}.Release|x64.Deploy.0 = Release|x64
		{78B39CF3-D822-446A-95EE-57AFC26F16E7}.Release|x86.ActiveCfg = Release|x86
		{78B39CF3-D822-446A-95EE-57AFC26F16E7}.Release|x86.Build.0 = Release|x86
		{78B39CF3-D822-446A-95EE-57AFC26F16E7}.Release|x86.Deploy.0 = Release|x86
		{2AEC1895-CCFC-471F-8CF5-8863D67A9485}.Ad-Hoc|Any CPU.ActiveCfg = Debug|Any CPU
		{2AEC1895-CCFC-471F-8CF5-8863D67A9485}.Ad-Hoc|Any CPU.Build.0 = Debug|Any CPU
		{2AEC1895-CCFC-471F-8CF5-8863D67A9485}.Ad-Hoc|Any CPU.Deploy.0 = Debug|Any CPU
		{2AEC1895-CCFC-471F-8CF5-8863D67A9485}.Ad-Hoc|ARM.ActiveCfg = Debug|Any CPU
		{2AEC1895-CCFC-471F-8CF5-8863D67A9485}.Ad-Hoc|ARM.Build.0 = Debug|Any CPU
		{2AEC1895-CCFC-471F-8CF5-8863D67A9485}.Ad-Hoc|ARM.Deploy.0 = Debug|Any CPU
		{2AEC1895-CCFC-471F-8CF5-8863D67A9485}.Ad-Hoc|iPhone.ActiveCfg = Debug|Any CPU
		{2AEC1895-CCFC-471F-8CF5-8863D67A9485}.Ad-Hoc|iPhone.Build.0 = Debug|Any CPU
		{2AEC1895-CCFC-471F-8CF5-8863D67A9485}.Ad-Hoc|iPhone.Deploy.0 = Debug|Any CPU
		{2AEC1895-CCFC-471F-8CF5-8863D67A9485}.Ad-Hoc|iPhoneSimulator.ActiveCfg = Debug|Any CPU
		{2AEC1895-CCFC-471F-8CF5-8863D67A9485}.Ad-Hoc|iPhoneSimulator.Build.0 = Debug|Any CPU
		{2AEC1895-CCFC-471F-8CF5-8863D67A9485}.Ad-Hoc|iPhoneSimulator.Deploy.0 = Debug|Any CPU
		{2AEC1895-CCFC-471F-8CF5-8863D67A9485}.Ad-Hoc|x64.ActiveCfg = Debug|Any CPU
		{2AEC1895-CCFC-471F-8CF5-8863D67A9485}.Ad-Hoc|x64.Build.0 = Debug|Any CPU
		{2AEC1895-CCFC-471F-8CF5-8863D67A9485}.Ad-Hoc|x64.Deploy.0 = Debug|Any CPU
		{2AEC1895-CCFC-471F-8CF5-8863D67A9485}.Ad-Hoc|x86.ActiveCfg = Debug|Any CPU
		{2AEC1895-CCFC-471F-8CF5-8863D67A9485}.Ad-Hoc|x86.Build.0 = Debug|Any CPU
		{2AEC1895-CCFC-471F-8CF5-8863D67A9485}.Ad-Hoc|x86.Deploy.0 = Debug|Any CPU
		{2AEC1895-CCFC-471F-8CF5-8863D67A9485}.AppStore|Any CPU.ActiveCfg = Debug|Any CPU
		{2AEC1895-CCFC-471F-8CF5-8863D67A9485}.AppStore|Any CPU.Build.0 = Debug|Any CPU
		{2AEC1895-CCFC-471F-8CF5-8863D67A9485}.AppStore|Any CPU.Deploy.0 = Debug|Any CPU
		{2AEC1895-CCFC-471F-8CF5-8863D67A9485}.AppStore|ARM.ActiveCfg = Debug|Any CPU
		{2AEC1895-CCFC-471F-8CF5-8863D67A9485}.AppStore|ARM.Build.0 = Debug|Any CPU
		{2AEC1895-CCFC-471F-8CF5-8863D67A9485}.AppStore|ARM.Deploy.0 = Debug|Any CPU
		{2AEC1895-CCFC-471F-8CF5-8863D67A9485}.AppStore|iPhone.ActiveCfg = Debug|Any CPU
		{2AEC1895-CCFC-471F-8CF5-8863D67A9485}.AppStore|iPhone.Build.0 = Debug|Any CPU
		{2AEC1895-CCFC-471F-8CF5-8863D67A9485}.AppStore|iPhone.Deploy.0 = Debug|Any CPU
		{2AEC1895-CCFC-471F-8CF5-8863D67A9485}.AppStore|iPhoneSimulator.ActiveCfg = Debug|Any CPU
		{2AEC1895-CCFC-471F-8CF5-8863D67A9485}.AppStore|iPhoneSimulator.Build.0 = Debug|Any CPU
		{2AEC1895-CCFC-471F-8CF5-8863D67A9485}.AppStore|iPhoneSimulator.Deploy.0 = Debug|Any CPU
		{2AEC1895-CCFC-471F-8CF5-8863D67A9485}.AppStore|x64.ActiveCfg = Debug|Any CPU
		{2AEC1895-CCFC-471F-8CF5-8863D67A9485}.AppStore|x64.Build.0 = Debug|Any CPU
		{2AEC1895-CCFC-471F-8CF5-8863D67A9485}.AppStore|x64.Deploy.0 = Debug|Any CPU
		{2AEC1895-CCFC-471F-8CF5-8863D67A9485}.AppStore|x86.ActiveCfg = Debug|Any CPU
		{2AEC1895-CCFC-471F-8CF5-8863D67A9485}.AppStore|x86.Build.0 = Debug|Any CPU
		{2AEC1895-CCFC-471F-8CF5-8863D67A9485}.AppStore|x86.Deploy.0 = Debug|Any CPU
		{2AEC1895-CCFC-471F-8CF5-8863D67A9485}.Debug|Any CPU.ActiveCfg = Debug|Any CPU
		{2AEC1895-CCFC-471F-8CF5-8863D67A9485}.Debug|Any CPU.Build.0 = Debug|Any CPU
		{2AEC1895-CCFC-471F-8CF5-8863D67A9485}.Debug|Any CPU.Deploy.0 = Debug|Any CPU
		{2AEC1895-CCFC-471F-8CF5-8863D67A9485}.Debug|ARM.ActiveCfg = Debug|Any CPU
		{2AEC1895-CCFC-471F-8CF5-8863D67A9485}.Debug|ARM.Build.0 = Debug|Any CPU
		{2AEC1895-CCFC-471F-8CF5-8863D67A9485}.Debug|ARM.Deploy.0 = Debug|Any CPU
		{2AEC1895-CCFC-471F-8CF5-8863D67A9485}.Debug|iPhone.ActiveCfg = Debug|Any CPU
		{2AEC1895-CCFC-471F-8CF5-8863D67A9485}.Debug|iPhone.Build.0 = Debug|Any CPU
		{2AEC1895-CCFC-471F-8CF5-8863D67A9485}.Debug|iPhone.Deploy.0 = Debug|Any CPU
		{2AEC1895-CCFC-471F-8CF5-8863D67A9485}.Debug|iPhoneSimulator.ActiveCfg = Debug|Any CPU
		{2AEC1895-CCFC-471F-8CF5-8863D67A9485}.Debug|iPhoneSimulator.Build.0 = Debug|Any CPU
		{2AEC1895-CCFC-471F-8CF5-8863D67A9485}.Debug|iPhoneSimulator.Deploy.0 = Debug|Any CPU
		{2AEC1895-CCFC-471F-8CF5-8863D67A9485}.Debug|x64.ActiveCfg = Debug|Any CPU
		{2AEC1895-CCFC-471F-8CF5-8863D67A9485}.Debug|x64.Build.0 = Debug|Any CPU
		{2AEC1895-CCFC-471F-8CF5-8863D67A9485}.Debug|x64.Deploy.0 = Debug|Any CPU
		{2AEC1895-CCFC-471F-8CF5-8863D67A9485}.Debug|x86.ActiveCfg = Debug|Any CPU
		{2AEC1895-CCFC-471F-8CF5-8863D67A9485}.Debug|x86.Build.0 = Debug|Any CPU
		{2AEC1895-CCFC-471F-8CF5-8863D67A9485}.Debug|x86.Deploy.0 = Debug|Any CPU
		{2AEC1895-CCFC-471F-8CF5-8863D67A9485}.Release|Any CPU.ActiveCfg = Release|Any CPU
		{2AEC1895-CCFC-471F-8CF5-8863D67A9485}.Release|Any CPU.Build.0 = Release|Any CPU
		{2AEC1895-CCFC-471F-8CF5-8863D67A9485}.Release|Any CPU.Deploy.0 = Release|Any CPU
		{2AEC1895-CCFC-471F-8CF5-8863D67A9485}.Release|ARM.ActiveCfg = Release|Any CPU
		{2AEC1895-CCFC-471F-8CF5-8863D67A9485}.Release|ARM.Build.0 = Release|Any CPU
		{2AEC1895-CCFC-471F-8CF5-8863D67A9485}.Release|ARM.Deploy.0 = Release|Any CPU
		{2AEC1895-CCFC-471F-8CF5-8863D67A9485}.Release|iPhone.ActiveCfg = Release|Any CPU
		{2AEC1895-CCFC-471F-8CF5-8863D67A9485}.Release|iPhone.Build.0 = Release|Any CPU
		{2AEC1895-CCFC-471F-8CF5-8863D67A9485}.Release|iPhone.Deploy.0 = Release|Any CPU
		{2AEC1895-CCFC-471F-8CF5-8863D67A9485}.Release|iPhoneSimulator.ActiveCfg = Release|Any CPU
		{2AEC1895-CCFC-471F-8CF5-8863D67A9485}.Release|iPhoneSimulator.Build.0 = Release|Any CPU
		{2AEC1895-CCFC-471F-8CF5-8863D67A9485}.Release|iPhoneSimulator.Deploy.0 = Release|Any CPU
		{2AEC1895-CCFC-471F-8CF5-8863D67A9485}.Release|x64.ActiveCfg = Release|Any CPU
		{2AEC1895-CCFC-471F-8CF5-8863D67A9485}.Release|x64.Build.0 = Release|Any CPU
		{2AEC1895-CCFC-471F-8CF5-8863D67A9485}.Release|x64.Deploy.0 = Release|Any CPU
		{2AEC1895-CCFC-471F-8CF5-8863D67A9485}.Release|x86.ActiveCfg = Release|Any CPU
		{2AEC1895-CCFC-471F-8CF5-8863D67A9485}.Release|x86.Build.0 = Release|Any CPU
		{2AEC1895-CCFC-471F-8CF5-8863D67A9485}.Release|x86.Deploy.0 = Release|Any CPU
	EndGlobalSection
	GlobalSection(SolutionProperties) = preSolution
		HideSolutionNode = FALSE
	EndGlobalSection
	GlobalSection(ExtensibilityGlobals) = postSolution
		SolutionGuid = {1FD4D370-021B-4CBE-A43F-4909F71A5EE3}
	EndGlobalSection
EndGlobal
